
Microsoft Visual Studio Solution File, Format Version 12.00
# Visual Studio Version 17
VisualStudioVersion = 17.2.32616.157
MinimumVisualStudioVersion = 10.0.40219.1
Project("{FAE04EC0-301F-11D3-BF4B-00C04F79EFBC}") = "HS.Framework", "HS.Framework\HS.Framework.csproj", "{F6326C06-B4C1-4822-AC75-4D72321B85E4}"
EndProject
Project("{FAE04EC0-301F-11D3-BF4B-00C04F79EFBC}") = "HS.DataAccess", "HS.DataAccess\HS.DataAccess.csproj", "{5F0D9B8B-B9AB-4874-AC4E-4E1C690F4EBB}"
EndProject
Project("{FAE04EC0-301F-11D3-BF4B-00C04F79EFBC}") = "HS.Entities", "HS.Entities\HS.Entities.csproj", "{59DE9645-8420-43D1-9049-2BC5A951DE10}"
EndProject
Project("{FAE04EC0-301F-11D3-BF4B-00C04F79EFBC}") = "HS.Facade", "HS.Facade\HS.Facade.csproj", "{ACBDA25E-0004-4934-94BE-436B2D99C899}"
EndProject
Project("{FAE04EC0-301F-11D3-BF4B-00C04F79EFBC}") = "HS.Web.UI", "HS.Web.UI\HS.Web.UI.csproj", "{EF998627-E986-4AEF-86E6-E18F8DDAE3BA}"
EndProject
Project("{2150E333-8FDC-42A3-9474-1A3956D46DE8}") = "Library", "Library", "{AB5843E0-4A85-467C-93F7-B0A4B8DCA443}"
EndProject
Project("{2150E333-8FDC-42A3-9474-1A3956D46DE8}") = "Presentation", "Presentation", "{FE24636D-0763-47E9-A5BC-D495FB3188C6}"
EndProject
Project("{2150E333-8FDC-42A3-9474-1A3956D46DE8}") = "Service", "Service", "{7CADA4B1-FD08-49C1-88D3-0C961A33A502}"
	ProjectSection(SolutionItems) = preProject
		HS.Web.UI\Web.config = HS.Web.UI\Web.config
		HS.Web.UI\Web.Debug.config = HS.Web.UI\Web.Debug.config
		HS.Web.UI\Web.Release.config = HS.Web.UI\Web.Release.config
	EndProjectSection
EndProject
Project("{FAE04EC0-301F-11D3-BF4B-00C04F79EFBC}") = "HS.Payments", "HS.Payments\HS.Payments.csproj", "{7C06CFC3-B354-4762-A943-31DAA86D485C}"
EndProject
Project("{2150E333-8FDC-42A3-9474-1A3956D46DE8}") = "API", "API", "{BE23009F-C13F-4037-A75D-4030C1714FE8}"
EndProject
Project("{FAE04EC0-301F-11D3-BF4B-00C04F79EFBC}") = "HS.Alarm", "HS.Alarm\HS.Alarm.csproj", "{1344B60A-312E-4346-8E5B-94A6690AF61A}"
EndProject
Project("{FAE04EC0-301F-11D3-BF4B-00C04F79EFBC}") = "HS.SMS", "HS.SMS\HS.SMS.csproj", "{3D951F22-C359-4ED6-912E-2F4ED537BC62}"
EndProject
Project("{FAE04EC0-301F-11D3-BF4B-00C04F79EFBC}") = "HS.MailGun", "HS.MailGun\HS.MailGun.csproj", "{EDFF6487-2765-4A54-8DA7-EE02D05B998D}"
EndProject
Project("{FAE04EC0-301F-11D3-BF4B-00C04F79EFBC}") = "HS.FortePayments", "HS.FortePayments\HS.FortePayments.csproj", "{FB350DDF-4B56-4659-8CDE-D3B27E72BE46}"
EndProject
Project("{FAE04EC0-301F-11D3-BF4B-00C04F79EFBC}") = "HS.Kickbox", "HS.Kickbox\HS.Kickbox.csproj", "{63324B39-5131-44B4-A83B-50C5852141A0}"
EndProject
Project("{FAE04EC0-301F-11D3-BF4B-00C04F79EFBC}") = "HS.UCC", "HS.UCC\HS.UCC.csproj", "{9E08F798-0A0C-44A1-A4F5-C10298141B30}"
EndProject
Project("{FAE04EC0-301F-11D3-BF4B-00C04F79EFBC}") = "HS.CSM", "HS.CSM\HS.CSM.csproj", "{DCF7A8BD-EC26-4FBD-BC39-CD7EC9D89B64}"
EndProject
Project("{FAE04EC0-301F-11D3-BF4B-00C04F79EFBC}") = "HS.Brinks", "HS.Brinks\HS.Brinks.csproj", "{80202124-4DB5-4DDB-8CDF-C46CF566D9C5}"
EndProject
Project("{FAE04EC0-301F-11D3-BF4B-00C04F79EFBC}") = "HS.EContract", "HS.EContract\HS.EContract.csproj", "{8F4FD9B7-98E0-4D34-A65C-8214C087D65E}"
EndProject
Project("{FAE04EC0-301F-11D3-BF4B-00C04F79EFBC}") = "HS.Bounce", "HS.Bounce\HS.Bounce.csproj", "{E45388D7-E791-45D9-B713-C5A7206DA691}"
EndProject
Project("{FAE04EC0-301F-11D3-BF4B-00C04F79EFBC}") = "HS.CommonFunding", "HS.CommonFunding\HS.CommonFunding.csproj", "{7E4C2E49-E95E-4BF6-895B-74E8F8DD63D7}"
EndProject
Project("{FAE04EC0-301F-11D3-BF4B-00C04F79EFBC}") = "HS.NMCConnect", "HS.MACConnect\HS.NMCConnect.csproj", "{4D0F36D1-93C2-4FD6-954D-55B72EBFAA72}"
EndProject
Project("{FAE04EC0-301F-11D3-BF4B-00C04F79EFBC}") = "HS.Avantguard", "HS.Avantguard\HS.Avantguard.csproj", "{8C4B85D0-EAFD-45AE-80E8-8B337126C075}"
EndProject
Project("{2150E333-8FDC-42A3-9474-1A3956D46DE8}") = "FailSafe", "FailSafe", "{1350E008-D602-40CD-83AF-1740C9BF690D}"
EndProject
Project("{FAE04EC0-301F-11D3-BF4B-00C04F79EFBC}") = "OctSol.Secure", "OctSol.Secure\OctSol.Secure.csproj", "{00E0E203-86EE-4579-B0DE-1B79F1D62731}"
EndProject
Global
	GlobalSection(SolutionConfigurationPlatforms) = preSolution
		Debug|Any CPU = Debug|Any CPU
		Release|Any CPU = Release|Any CPU
	EndGlobalSection
	GlobalSection(ProjectConfigurationPlatforms) = postSolution
		{F6326C06-B4C1-4822-AC75-4D72321B85E4}.Debug|Any CPU.ActiveCfg = Debug|Any CPU
		{F6326C06-B4C1-4822-AC75-4D72321B85E4}.Debug|Any CPU.Build.0 = Debug|Any CPU
		{F6326C06-B4C1-4822-AC75-4D72321B85E4}.Release|Any CPU.ActiveCfg = Release|Any CPU
		{F6326C06-B4C1-4822-AC75-4D72321B85E4}.Release|Any CPU.Build.0 = Release|Any CPU
		{5F0D9B8B-B9AB-4874-AC4E-4E1C690F4EBB}.Debug|Any CPU.ActiveCfg = Debug|Any CPU
		{5F0D9B8B-B9AB-4874-AC4E-4E1C690F4EBB}.Debug|Any CPU.Build.0 = Debug|Any CPU
		{5F0D9B8B-B9AB-4874-AC4E-4E1C690F4EBB}.Release|Any CPU.ActiveCfg = Release|Any CPU
		{5F0D9B8B-B9AB-4874-AC4E-4E1C690F4EBB}.Release|Any CPU.Build.0 = Release|Any CPU
		{59DE9645-8420-43D1-9049-2BC5A951DE10}.Debug|Any CPU.ActiveCfg = Debug|Any CPU
		{59DE9645-8420-43D1-9049-2BC5A951DE10}.Debug|Any CPU.Build.0 = Debug|Any CPU
		{59DE9645-8420-43D1-9049-2BC5A951DE10}.Release|Any CPU.ActiveCfg = Release|Any CPU
		{59DE9645-8420-43D1-9049-2BC5A951DE10}.Release|Any CPU.Build.0 = Release|Any CPU
		{ACBDA25E-0004-4934-94BE-436B2D99C899}.Debug|Any CPU.ActiveCfg = Debug|Any CPU
		{ACBDA25E-0004-4934-94BE-436B2D99C899}.Debug|Any CPU.Build.0 = Debug|Any CPU
		{ACBDA25E-0004-4934-94BE-436B2D99C899}.Release|Any CPU.ActiveCfg = Release|Any CPU
		{ACBDA25E-0004-4934-94BE-436B2D99C899}.Release|Any CPU.Build.0 = Release|Any CPU
		{EF998627-E986-4AEF-86E6-E18F8DDAE3BA}.Debug|Any CPU.ActiveCfg = Debug|Any CPU
		{EF998627-E986-4AEF-86E6-E18F8DDAE3BA}.Debug|Any CPU.Build.0 = Debug|Any CPU
		{EF998627-E986-4AEF-86E6-E18F8DDAE3BA}.Release|Any CPU.ActiveCfg = Release|Any CPU
		{EF998627-E986-4AEF-86E6-E18F8DDAE3BA}.Release|Any CPU.Build.0 = Release|Any CPU
		{7C06CFC3-B354-4762-A943-31DAA86D485C}.Debug|Any CPU.ActiveCfg = Debug|Any CPU
		{7C06CFC3-B354-4762-A943-31DAA86D485C}.Debug|Any CPU.Build.0 = Debug|Any CPU
		{7C06CFC3-B354-4762-A943-31DAA86D485C}.Release|Any CPU.ActiveCfg = Release|Any CPU
		{7C06CFC3-B354-4762-A943-31DAA86D485C}.Release|Any CPU.Build.0 = Release|Any CPU
		{1344B60A-312E-4346-8E5B-94A6690AF61A}.Debug|Any CPU.ActiveCfg = Debug|Any CPU
		{1344B60A-312E-4346-8E5B-94A6690AF61A}.Debug|Any CPU.Build.0 = Debug|Any CPU
		{1344B60A-312E-4346-8E5B-94A6690AF61A}.Release|Any CPU.ActiveCfg = Release|Any CPU
		{1344B60A-312E-4346-8E5B-94A6690AF61A}.Release|Any CPU.Build.0 = Release|Any CPU
		{3D951F22-C359-4ED6-912E-2F4ED537BC62}.Debug|Any CPU.ActiveCfg = Debug|Any CPU
		{3D951F22-C359-4ED6-912E-2F4ED537BC62}.Debug|Any CPU.Build.0 = Debug|Any CPU
		{3D951F22-C359-4ED6-912E-2F4ED537BC62}.Release|Any CPU.ActiveCfg = Release|Any CPU
		{3D951F22-C359-4ED6-912E-2F4ED537BC62}.Release|Any CPU.Build.0 = Release|Any CPU
		{EDFF6487-2765-4A54-8DA7-EE02D05B998D}.Debug|Any CPU.ActiveCfg = Debug|Any CPU
		{EDFF6487-2765-4A54-8DA7-EE02D05B998D}.Debug|Any CPU.Build.0 = Debug|Any CPU
		{EDFF6487-2765-4A54-8DA7-EE02D05B998D}.Release|Any CPU.ActiveCfg = Release|Any CPU
		{EDFF6487-2765-4A54-8DA7-EE02D05B998D}.Release|Any CPU.Build.0 = Release|Any CPU
		{FB350DDF-4B56-4659-8CDE-D3B27E72BE46}.Debug|Any CPU.ActiveCfg = Debug|Any CPU
		{FB350DDF-4B56-4659-8CDE-D3B27E72BE46}.Debug|Any CPU.Build.0 = Debug|Any CPU
		{FB350DDF-4B56-4659-8CDE-D3B27E72BE46}.Release|Any CPU.ActiveCfg = Release|Any CPU
		{FB350DDF-4B56-4659-8CDE-D3B27E72BE46}.Release|Any CPU.Build.0 = Release|Any CPU
		{63324B39-5131-44B4-A83B-50C5852141A0}.Debug|Any CPU.ActiveCfg = Debug|Any CPU
		{63324B39-5131-44B4-A83B-50C5852141A0}.Debug|Any CPU.Build.0 = Debug|Any CPU
		{63324B39-5131-44B4-A83B-50C5852141A0}.Release|Any CPU.ActiveCfg = Release|Any CPU
		{63324B39-5131-44B4-A83B-50C5852141A0}.Release|Any CPU.Build.0 = Release|Any CPU
		{9E08F798-0A0C-44A1-A4F5-C10298141B30}.Debug|Any CPU.ActiveCfg = Debug|Any CPU
		{9E08F798-0A0C-44A1-A4F5-C10298141B30}.Debug|Any CPU.Build.0 = Debug|Any CPU
		{9E08F798-0A0C-44A1-A4F5-C10298141B30}.Release|Any CPU.ActiveCfg = Release|Any CPU
		{9E08F798-0A0C-44A1-A4F5-C10298141B30}.Release|Any CPU.Build.0 = Release|Any CPU
		{DCF7A8BD-EC26-4FBD-BC39-CD7EC9D89B64}.Debug|Any CPU.ActiveCfg = Debug|Any CPU
		{DCF7A8BD-EC26-4FBD-BC39-CD7EC9D89B64}.Debug|Any CPU.Build.0 = Debug|Any CPU
		{DCF7A8BD-EC26-4FBD-BC39-CD7EC9D89B64}.Release|Any CPU.ActiveCfg = Release|Any CPU
		{DCF7A8BD-EC26-4FBD-BC39-CD7EC9D89B64}.Release|Any CPU.Build.0 = Release|Any CPU
		{80202124-4DB5-4DDB-8CDF-C46CF566D9C5}.Debug|Any CPU.ActiveCfg = Debug|Any CPU
		{80202124-4DB5-4DDB-8CDF-C46CF566D9C5}.Debug|Any CPU.Build.0 = Debug|Any CPU
		{80202124-4DB5-4DDB-8CDF-C46CF566D9C5}.Release|Any CPU.ActiveCfg = Release|Any CPU
		{80202124-4DB5-4DDB-8CDF-C46CF566D9C5}.Release|Any CPU.Build.0 = Release|Any CPU
		{8F4FD9B7-98E0-4D34-A65C-8214C087D65E}.Debug|Any CPU.ActiveCfg = Debug|Any CPU
		{8F4FD9B7-98E0-4D34-A65C-8214C087D65E}.Debug|Any CPU.Build.0 = Debug|Any CPU
		{8F4FD9B7-98E0-4D34-A65C-8214C087D65E}.Release|Any CPU.ActiveCfg = Release|Any CPU
		{8F4FD9B7-98E0-4D34-A65C-8214C087D65E}.Release|Any CPU.Build.0 = Release|Any CPU
		{E45388D7-E791-45D9-B713-C5A7206DA691}.Debug|Any CPU.ActiveCfg = Debug|Any CPU
		{E45388D7-E791-45D9-B713-C5A7206DA691}.Debug|Any CPU.Build.0 = Debug|Any CPU
		{E45388D7-E791-45D9-B713-C5A7206DA691}.Release|Any CPU.ActiveCfg = Release|Any CPU
		{E45388D7-E791-45D9-B713-C5A7206DA691}.Release|Any CPU.Build.0 = Release|Any CPU
		{7E4C2E49-E95E-4BF6-895B-74E8F8DD63D7}.Debug|Any CPU.ActiveCfg = Debug|Any CPU
		{7E4C2E49-E95E-4BF6-895B-74E8F8DD63D7}.Debug|Any CPU.Build.0 = Debug|Any CPU
		{7E4C2E49-E95E-4BF6-895B-74E8F8DD63D7}.Release|Any CPU.ActiveCfg = Release|Any CPU
		{7E4C2E49-E95E-4BF6-895B-74E8F8DD63D7}.Release|Any CPU.Build.0 = Release|Any CPU
		{4D0F36D1-93C2-4FD6-954D-55B72EBFAA72}.Debug|Any CPU.ActiveCfg = Debug|Any CPU
		{4D0F36D1-93C2-4FD6-954D-55B72EBFAA72}.Debug|Any CPU.Build.0 = Debug|Any CPU
		{4D0F36D1-93C2-4FD6-954D-55B72EBFAA72}.Release|Any CPU.ActiveCfg = Release|Any CPU
		{4D0F36D1-93C2-4FD6-954D-55B72EBFAA72}.Release|Any CPU.Build.0 = Release|Any CPU
		{8C4B85D0-EAFD-45AE-80E8-8B337126C075}.Debug|Any CPU.ActiveCfg = Debug|Any CPU
		{8C4B85D0-EAFD-45AE-80E8-8B337126C075}.Debug|Any CPU.Build.0 = Debug|Any CPU
		{8C4B85D0-EAFD-45AE-80E8-8B337126C075}.Release|Any CPU.ActiveCfg = Release|Any CPU
		{8C4B85D0-EAFD-45AE-80E8-8B337126C075}.Release|Any CPU.Build.0 = Release|Any CPU
		{00E0E203-86EE-4579-B0DE-1B79F1D62731}.Debug|Any CPU.ActiveCfg = Debug|Any CPU
		{00E0E203-86EE-4579-B0DE-1B79F1D62731}.Debug|Any CPU.Build.0 = Debug|Any CPU
		{00E0E203-86EE-4579-B0DE-1B79F1D62731}.Release|Any CPU.ActiveCfg = Release|Any CPU
		{00E0E203-86EE-4579-B0DE-1B79F1D62731}.Release|Any CPU.Build.0 = Release|Any CPU
	EndGlobalSection
	GlobalSection(SolutionProperties) = preSolution
		HideSolutionNode = FALSE
	EndGlobalSection
	GlobalSection(NestedProjects) = preSolution
		{F6326C06-B4C1-4822-AC75-4D72321B85E4} = {AB5843E0-4A85-467C-93F7-B0A4B8DCA443}
		{5F0D9B8B-B9AB-4874-AC4E-4E1C690F4EBB} = {AB5843E0-4A85-467C-93F7-B0A4B8DCA443}
		{59DE9645-8420-43D1-9049-2BC5A951DE10} = {AB5843E0-4A85-467C-93F7-B0A4B8DCA443}
		{ACBDA25E-0004-4934-94BE-436B2D99C899} = {AB5843E0-4A85-467C-93F7-B0A4B8DCA443}
		{EF998627-E986-4AEF-86E6-E18F8DDAE3BA} = {FE24636D-0763-47E9-A5BC-D495FB3188C6}
		{7C06CFC3-B354-4762-A943-31DAA86D485C} = {BE23009F-C13F-4037-A75D-4030C1714FE8}
		{1344B60A-312E-4346-8E5B-94A6690AF61A} = {BE23009F-C13F-4037-A75D-4030C1714FE8}
		{3D951F22-C359-4ED6-912E-2F4ED537BC62} = {BE23009F-C13F-4037-A75D-4030C1714FE8}
		{EDFF6487-2765-4A54-8DA7-EE02D05B998D} = {BE23009F-C13F-4037-A75D-4030C1714FE8}
		{FB350DDF-4B56-4659-8CDE-D3B27E72BE46} = {BE23009F-C13F-4037-A75D-4030C1714FE8}
		{63324B39-5131-44B4-A83B-50C5852141A0} = {BE23009F-C13F-4037-A75D-4030C1714FE8}
		{9E08F798-0A0C-44A1-A4F5-C10298141B30} = {BE23009F-C13F-4037-A75D-4030C1714FE8}
		{DCF7A8BD-EC26-4FBD-BC39-CD7EC9D89B64} = {BE23009F-C13F-4037-A75D-4030C1714FE8}
		{80202124-4DB5-4DDB-8CDF-C46CF566D9C5} = {BE23009F-C13F-4037-A75D-4030C1714FE8}
		{8F4FD9B7-98E0-4D34-A65C-8214C087D65E} = {BE23009F-C13F-4037-A75D-4030C1714FE8}
		{E45388D7-E791-45D9-B713-C5A7206DA691} = {BE23009F-C13F-4037-A75D-4030C1714FE8}
		{7E4C2E49-E95E-4BF6-895B-74E8F8DD63D7} = {BE23009F-C13F-4037-A75D-4030C1714FE8}
		{4D0F36D1-93C2-4FD6-954D-55B72EBFAA72} = {BE23009F-C13F-4037-A75D-4030C1714FE8}
		{8C4B85D0-EAFD-45AE-80E8-8B337126C075} = {BE23009F-C13F-4037-A75D-4030C1714FE8}
		{00E0E203-86EE-4579-B0DE-1B79F1D62731} = {1350E008-D602-40CD-83AF-1740C9BF690D}
	EndGlobalSection
	GlobalSection(ExtensibilityGlobals) = postSolution
		SolutionGuid = {0D39BB51-D99A-4A7A-918B-2E7E74870DA3}
	EndGlobalSection
EndGlobal
